
Microsoft Visual Studio Solution File, Format Version 12.00
# Visual Studio Version 16
VisualStudioVersion = 16.0.29424.173
MinimumVisualStudioVersion = 10.0.40219.1
Project("{9A19103F-16F7-4668-BE54-9A1E7A4F7556}") = "osu.XR", "osu.XR\osu.XR.csproj", "{FF1ADD6E-0F8D-431C-9572-BCF438D27B03}"
EndProject
Project("{9A19103F-16F7-4668-BE54-9A1E7A4F7556}") = "osu.Framework", "..\..\osu!framework\osu-framework\osu.Framework\osu.Framework.csproj", "{87278B07-FE02-48AC-924A-A15D48A9C51A}"
EndProject
Project("{9A19103F-16F7-4668-BE54-9A1E7A4F7556}") = "OpenVR.NET", "..\..\OpenVR.NET\OpenVR.NET\OpenVR.NET\OpenVR.NET.csproj", "{94CC83DA-0575-4980-8542-CB847104274E}"
EndProject
Project("{9A19103F-16F7-4668-BE54-9A1E7A4F7556}") = "osu.Game", "..\osu\osu.Game\osu.Game.csproj", "{FDFFC0D6-8308-4D18-AAC8-3E60D9AD1C8A}"
EndProject
Project("{9A19103F-16F7-4668-BE54-9A1E7A4F7556}") = "osu.Game.Rulesets.Taiko", "..\osu\osu.Game.Rulesets.Taiko\osu.Game.Rulesets.Taiko.csproj", "{D0D66753-43B3-4008-9D55-25F331BB8684}"
EndProject
Project("{9A19103F-16F7-4668-BE54-9A1E7A4F7556}") = "osu.Game.Rulesets.Osu", "..\osu\osu.Game.Rulesets.Osu\osu.Game.Rulesets.Osu.csproj", "{A3957AEB-1CE7-4765-834F-B363378B6BE2}"
EndProject
Project("{9A19103F-16F7-4668-BE54-9A1E7A4F7556}") = "osu.Game.Rulesets.Mania", "..\osu\osu.Game.Rulesets.Mania\osu.Game.Rulesets.Mania.csproj", "{C79F923A-8EC5-42E0-8AEF-91018F9FAC0A}"
EndProject
Project("{9A19103F-16F7-4668-BE54-9A1E7A4F7556}") = "osu.Game.Rulesets.Catch", "..\osu\osu.Game.Rulesets.Catch\osu.Game.Rulesets.Catch.csproj", "{A46F1A68-A236-4DE9-BFEF-67418736DA98}"
EndProject
Project("{9A19103F-16F7-4668-BE54-9A1E7A4F7556}") = "osu.Framework.XR", "..\..\osu.Framework.XR\osu.Framework.XR\osu.Framework.XR\osu.Framework.XR.csproj", "{656031FF-CFB1-4631-8F6C-EED4988D489A}"
EndProject
Global
	GlobalSection(SolutionConfigurationPlatforms) = preSolution
		Debug|Any CPU = Debug|Any CPU
		Release|Any CPU = Release|Any CPU
	EndGlobalSection
	GlobalSection(ProjectConfigurationPlatforms) = postSolution
		{FF1ADD6E-0F8D-431C-9572-BCF438D27B03}.Debug|Any CPU.ActiveCfg = Debug|Any CPU
		{FF1ADD6E-0F8D-431C-9572-BCF438D27B03}.Debug|Any CPU.Build.0 = Debug|Any CPU
		{FF1ADD6E-0F8D-431C-9572-BCF438D27B03}.Release|Any CPU.ActiveCfg = Release|Any CPU
		{FF1ADD6E-0F8D-431C-9572-BCF438D27B03}.Release|Any CPU.Build.0 = Release|Any CPU
		{87278B07-FE02-48AC-924A-A15D48A9C51A}.Debug|Any CPU.ActiveCfg = Debug|Any CPU
		{87278B07-FE02-48AC-924A-A15D48A9C51A}.Debug|Any CPU.Build.0 = Debug|Any CPU
		{87278B07-FE02-48AC-924A-A15D48A9C51A}.Release|Any CPU.ActiveCfg = Release|Any CPU
		{87278B07-FE02-48AC-924A-A15D48A9C51A}.Release|Any CPU.Build.0 = Release|Any CPU
		{94CC83DA-0575-4980-8542-CB847104274E}.Debug|Any CPU.ActiveCfg = Debug|Any CPU
		{94CC83DA-0575-4980-8542-CB847104274E}.Debug|Any CPU.Build.0 = Debug|Any CPU
		{94CC83DA-0575-4980-8542-CB847104274E}.Release|Any CPU.ActiveCfg = Release|Any CPU
		{94CC83DA-0575-4980-8542-CB847104274E}.Release|Any CPU.Build.0 = Release|Any CPU
		{FDFFC0D6-8308-4D18-AAC8-3E60D9AD1C8A}.Debug|Any CPU.ActiveCfg = Debug|Any CPU
		{FDFFC0D6-8308-4D18-AAC8-3E60D9AD1C8A}.Debug|Any CPU.Build.0 = Debug|Any CPU
		{FDFFC0D6-8308-4D18-AAC8-3E60D9AD1C8A}.Release|Any CPU.ActiveCfg = Release|Any CPU
		{FDFFC0D6-8308-4D18-AAC8-3E60D9AD1C8A}.Release|Any CPU.Build.0 = Release|Any CPU
		{D0D66753-43B3-4008-9D55-25F331BB8684}.Debug|Any CPU.ActiveCfg = Debug|Any CPU
		{D0D66753-43B3-4008-9D55-25F331BB8684}.Debug|Any CPU.Build.0 = Debug|Any CPU
		{D0D66753-43B3-4008-9D55-25F331BB8684}.Release|Any CPU.ActiveCfg = Release|Any CPU
		{D0D66753-43B3-4008-9D55-25F331BB8684}.Release|Any CPU.Build.0 = Release|Any CPU
		{A3957AEB-1CE7-4765-834F-B363378B6BE2}.Debug|Any CPU.ActiveCfg = Debug|Any CPU
		{A3957AEB-1CE7-4765-834F-B363378B6BE2}.Debug|Any CPU.Build.0 = Debug|Any CPU
		{A3957AEB-1CE7-4765-834F-B363378B6BE2}.Release|Any CPU.ActiveCfg = Release|Any CPU
		{A3957AEB-1CE7-4765-834F-B363378B6BE2}.Release|Any CPU.Build.0 = Release|Any CPU
		{C79F923A-8EC5-42E0-8AEF-91018F9FAC0A}.Debug|Any CPU.ActiveCfg = Debug|Any CPU
		{C79F923A-8EC5-42E0-8AEF-91018F9FAC0A}.Debug|Any CPU.Build.0 = Debug|Any CPU
		{C79F923A-8EC5-42E0-8AEF-91018F9FAC0A}.Release|Any CPU.ActiveCfg = Release|Any CPU
		{C79F923A-8EC5-42E0-8AEF-91018F9FAC0A}.Release|Any CPU.Build.0 = Release|Any CPU
		{A46F1A68-A236-4DE9-BFEF-67418736DA98}.Debug|Any CPU.ActiveCfg = Debug|Any CPU
		{A46F1A68-A236-4DE9-BFEF-67418736DA98}.Debug|Any CPU.Build.0 = Debug|Any CPU
		{A46F1A68-A236-4DE9-BFEF-67418736DA98}.Release|Any CPU.ActiveCfg = Release|Any CPU
		{A46F1A68-A236-4DE9-BFEF-67418736DA98}.Release|Any CPU.Build.0 = Release|Any CPU
		{656031FF-CFB1-4631-8F6C-EED4988D489A}.Debug|Any CPU.ActiveCfg = Debug|Any CPU
		{656031FF-CFB1-4631-8F6C-EED4988D489A}.Debug|Any CPU.Build.0 = Debug|Any CPU
		{656031FF-CFB1-4631-8F6C-EED4988D489A}.Release|Any CPU.ActiveCfg = Release|Any CPU
		{656031FF-CFB1-4631-8F6C-EED4988D489A}.Release|Any CPU.Build.0 = Release|Any CPU
	EndGlobalSection
	GlobalSection(SolutionProperties) = preSolution
		HideSolutionNode = FALSE
	EndGlobalSection
	GlobalSection(ExtensibilityGlobals) = postSolution
		SolutionGuid = {EB642AB6-8F6D-4F5E-950A-A67561C04CC8}
	EndGlobalSection
EndGlobal
